{
  "originHash" : "d0ae7783cb770f8e977a02cc92d5cae3599d3d3e2ce2d1b4fff83690bc3d4259",
  "pins" : [
    {
      "identity" : "oepnv-wallet-plugin-api",
      "kind" : "remoteSourceControl",
      "location" : "https://github.com/Suboptimierer/OEPNV-Wallet-Plugin-API.git",
      "state" : {
        "branch" : "main",
        "revision" : "3fad8311f4a166d85c5f869901a2805dbcc1913b"
      }
    }
  ],
  "version" : 3
}
