{
  "originHash" : "4a89d0f06a5c876c709ff7a649eddc72671f6266cb849a3feb8e6d2d4a207af8",
  "pins" : [
    {
      "identity" : "oepnv-wallet-plugin-api",
      "kind" : "remoteSourceControl",
      "location" : "https://github.com/Suboptimierer/OEPNV-Wallet-Plugin-API.git",
      "state" : {
        "branch" : "main",
        "revision" : "be51e00af6a503dd662de8cc0eb9064f9ea421f3"
      }
    }
  ],
  "version" : 3
}
